
Microsoft Visual Studio Solution File, Format Version 12.00
# Visual Studio Version 17
VisualStudioVersion = 17.14.36518.9 d17.14
MinimumVisualStudioVersion = 10.0.40219.1
Project("{FAE04EC0-301F-11D3-BF4B-00C04F79EFBC}") = "Projeto", "Projeto\Projeto.csproj", "{27E17F18-1ABA-4C64-BA36-F47B18DF7DFE}"
EndProject
Global
	GlobalSection(SolutionConfigurationPlatforms) = preSolution
		Debug|Any CPU = Debug|Any CPU
		Release|Any CPU = Release|Any CPU
	EndGlobalSection
	GlobalSection(ProjectConfigurationPlatforms) = postSolution
		{27E17F18-1ABA-4C64-BA36-F47B18DF7DFE}.Debug|Any CPU.ActiveCfg = Debug|Any CPU
		{27E17F18-1ABA-4C64-BA36-F47B18DF7DFE}.Debug|Any CPU.Build.0 = Debug|Any CPU
		{27E17F18-1ABA-4C64-BA36-F47B18DF7DFE}.Release|Any CPU.ActiveCfg = Release|Any CPU
		{27E17F18-1ABA-4C64-BA36-F47B18DF7DFE}.Release|Any CPU.Build.0 = Release|Any CPU
	EndGlobalSection
	GlobalSection(SolutionProperties) = preSolution
		HideSolutionNode = FALSE
	EndGlobalSection
	GlobalSection(ExtensibilityGlobals) = postSolution
		SolutionGuid = {B47A67FE-AFEC-4BA6-A29E-87E3FA75000B}
	EndGlobalSection
EndGlobal
